
Microsoft Visual Studio Solution File, Format Version 12.00
# Visual Studio 15
VisualStudioVersion = 15.0.28307.438
MinimumVisualStudioVersion = 10.0.40219.1
Project("{FAE04EC0-301F-11D3-BF4B-00C04F79EFBC}") = "ATMSimulation", "ATMSimulation\ATMSimulation.csproj", "{D5855150-7205-41E2-9036-22EF35773E06}"
EndProject
Project("{2150E333-8FDC-42A3-9474-1A3956D46DE8}") = "Solution Items", "Solution Items", "{8BBBBC55-E4B8-45B2-AE43-0431A4C41FEB}"
EndProject
Global
	GlobalSection(SolutionConfigurationPlatforms) = preSolution
		Debug|Any CPU = Debug|Any CPU
		Release|Any CPU = Release|Any CPU
	EndGlobalSection
	GlobalSection(ProjectConfigurationPlatforms) = postSolution
		{D5855150-7205-41E2-9036-22EF35773E06}.Debug|Any CPU.ActiveCfg = Debug|Any CPU
		{D5855150-7205-41E2-9036-22EF35773E06}.Debug|Any CPU.Build.0 = Debug|Any CPU
		{D5855150-7205-41E2-9036-22EF35773E06}.Release|Any CPU.ActiveCfg = Release|Any CPU
		{D5855150-7205-41E2-9036-22EF35773E06}.Release|Any CPU.Build.0 = Release|Any CPU
	EndGlobalSection
	GlobalSection(SolutionProperties) = preSolution
		HideSolutionNode = FALSE
	EndGlobalSection
	GlobalSection(ExtensibilityGlobals) = postSolution
		SolutionGuid = {CB806F9A-6984-4E16-AB3B-044BF6C99E01}
	EndGlobalSection
EndGlobal
